
Microsoft Visual Studio Solution File, Format Version 12.00
# Visual Studio Version 16
VisualStudioVersion = 16.0.31729.503
MinimumVisualStudioVersion = 10.0.40219.1
Project("{FAE04EC0-301F-11D3-BF4B-00C04F79EFBC}") = "Server", "Server\Server.csproj", "{2E3F5CD4-3841-48E2-9A76-75C41B72B376}"
EndProject
Project("{FAE04EC0-301F-11D3-BF4B-00C04F79EFBC}") = "Host", "Host\Host.csproj", "{F5C062D8-7A49-4EED-8FEF-33289DF4B8F8}"
EndProject
Global
	GlobalSection(SolutionConfigurationPlatforms) = preSolution
		Debug|Any CPU = Debug|Any CPU
		Release|Any CPU = Release|Any CPU
	EndGlobalSection
	GlobalSection(ProjectConfigurationPlatforms) = postSolution
		{2E3F5CD4-3841-48E2-9A76-75C41B72B376}.Debug|Any CPU.ActiveCfg = Debug|Any CPU
		{2E3F5CD4-3841-48E2-9A76-75C41B72B376}.Debug|Any CPU.Build.0 = Debug|Any CPU
		{2E3F5CD4-3841-48E2-9A76-75C41B72B376}.Release|Any CPU.ActiveCfg = Release|Any CPU
		{2E3F5CD4-3841-48E2-9A76-75C41B72B376}.Release|Any CPU.Build.0 = Release|Any CPU
		{F5C062D8-7A49-4EED-8FEF-33289DF4B8F8}.Debug|Any CPU.ActiveCfg = Debug|Any CPU
		{F5C062D8-7A49-4EED-8FEF-33289DF4B8F8}.Debug|Any CPU.Build.0 = Debug|Any CPU
		{F5C062D8-7A49-4EED-8FEF-33289DF4B8F8}.Release|Any CPU.ActiveCfg = Release|Any CPU
		{F5C062D8-7A49-4EED-8FEF-33289DF4B8F8}.Release|Any CPU.Build.0 = Release|Any CPU
	EndGlobalSection
	GlobalSection(SolutionProperties) = preSolution
		HideSolutionNode = FALSE
	EndGlobalSection
	GlobalSection(ExtensibilityGlobals) = postSolution
		SolutionGuid = {F25E0AD7-4364-4075-954A-7089A83EDB8F}
	EndGlobalSection
EndGlobal
